
Microsoft Visual Studio Solution File, Format Version 12.00
# Visual Studio Version 16
VisualStudioVersion = 16.0.32106.194
MinimumVisualStudioVersion = 10.0.40219.1
Project("{FAE04EC0-301F-11D3-BF4B-00C04F79EFBC}") = "UC5_AnalyzeEKG", "UC5_AnalyzeEKG\UC5_AnalyzeEKG.csproj", "{417BB0E6-C64A-4217-9C78-9F8539ADD295}"
EndProject
Global
	GlobalSection(SolutionConfigurationPlatforms) = preSolution
		Debug|Any CPU = Debug|Any CPU
		Release|Any CPU = Release|Any CPU
	EndGlobalSection
	GlobalSection(ProjectConfigurationPlatforms) = postSolution
		{417BB0E6-C64A-4217-9C78-9F8539ADD295}.Debug|Any CPU.ActiveCfg = Debug|Any CPU
		{417BB0E6-C64A-4217-9C78-9F8539ADD295}.Debug|Any CPU.Build.0 = Debug|Any CPU
		{417BB0E6-C64A-4217-9C78-9F8539ADD295}.Release|Any CPU.ActiveCfg = Release|Any CPU
		{417BB0E6-C64A-4217-9C78-9F8539ADD295}.Release|Any CPU.Build.0 = Release|Any CPU
	EndGlobalSection
	GlobalSection(SolutionProperties) = preSolution
		HideSolutionNode = FALSE
	EndGlobalSection
	GlobalSection(ExtensibilityGlobals) = postSolution
		SolutionGuid = {AB21C9A6-940E-422D-8B15-BCF14466B9D6}
	EndGlobalSection
EndGlobal
